
Microsoft Visual Studio Solution File, Format Version 12.00
Project("{FAE04EC0-301F-11D3-BF4B-00C04F79EFBC}") = "plamp.Ast", "plamp.Ast\plamp.Ast.csproj", "{53DD818E-2EB4-4A83-9FAA-19E67E210FE2}"
EndProject
Project("{FAE04EC0-301F-11D3-BF4B-00C04F79EFBC}") = "plamp.Compiler", "plamp.Compiler\plamp.Compiler.csproj", "{FBEF810F-E1EB-45FA-8BF4-5DB65606EDDA}"
EndProject
Project("{FAE04EC0-301F-11D3-BF4B-00C04F79EFBC}") = "plamp.Assembly", "plamp.Assembly\plamp.Assembly.csproj", "{77D410E7-BC64-4BF3-A5B6-9E3CA6BA4017}"
EndProject
Project("{FAE04EC0-301F-11D3-BF4B-00C04F79EFBC}") = "plamp.Native", "plamp.Native\plamp.Native.csproj", "{876AC61C-9C00-4C50-9C2B-06583D3C8DA7}"
EndProject
Project("{FAE04EC0-301F-11D3-BF4B-00C04F79EFBC}") = "plamp.Native.Tests", "plamp.Native.Tests\plamp.Native.Tests.csproj", "{51640059-754E-4613-8120-E0AFE14B6108}"
EndProject
Project("{FAE04EC0-301F-11D3-BF4B-00C04F79EFBC}") = "plamp.Validators", "plamp.Validators\plamp.Validators.csproj", "{9963EDEB-89E0-44E0-B422-E84951329231}"
EndProject
Project("{2150E333-8FDC-42A3-9474-1A3956D46DE8}") = "Tests", "Tests", "{4EA2DFBD-D26D-4EED-BAD4-E5835171C52D}"
EndProject
Global
	GlobalSection(SolutionConfigurationPlatforms) = preSolution
		Debug|Any CPU = Debug|Any CPU
		Release|Any CPU = Release|Any CPU
	EndGlobalSection
	GlobalSection(ProjectConfigurationPlatforms) = postSolution
		{53DD818E-2EB4-4A83-9FAA-19E67E210FE2}.Debug|Any CPU.ActiveCfg = Debug|Any CPU
		{53DD818E-2EB4-4A83-9FAA-19E67E210FE2}.Debug|Any CPU.Build.0 = Debug|Any CPU
		{53DD818E-2EB4-4A83-9FAA-19E67E210FE2}.Release|Any CPU.ActiveCfg = Release|Any CPU
		{53DD818E-2EB4-4A83-9FAA-19E67E210FE2}.Release|Any CPU.Build.0 = Release|Any CPU
		{FBEF810F-E1EB-45FA-8BF4-5DB65606EDDA}.Debug|Any CPU.ActiveCfg = Debug|Any CPU
		{FBEF810F-E1EB-45FA-8BF4-5DB65606EDDA}.Debug|Any CPU.Build.0 = Debug|Any CPU
		{FBEF810F-E1EB-45FA-8BF4-5DB65606EDDA}.Release|Any CPU.ActiveCfg = Release|Any CPU
		{FBEF810F-E1EB-45FA-8BF4-5DB65606EDDA}.Release|Any CPU.Build.0 = Release|Any CPU
		{77D410E7-BC64-4BF3-A5B6-9E3CA6BA4017}.Debug|Any CPU.ActiveCfg = Debug|Any CPU
		{77D410E7-BC64-4BF3-A5B6-9E3CA6BA4017}.Debug|Any CPU.Build.0 = Debug|Any CPU
		{77D410E7-BC64-4BF3-A5B6-9E3CA6BA4017}.Release|Any CPU.ActiveCfg = Release|Any CPU
		{77D410E7-BC64-4BF3-A5B6-9E3CA6BA4017}.Release|Any CPU.Build.0 = Release|Any CPU
		{876AC61C-9C00-4C50-9C2B-06583D3C8DA7}.Debug|Any CPU.ActiveCfg = Debug|Any CPU
		{876AC61C-9C00-4C50-9C2B-06583D3C8DA7}.Debug|Any CPU.Build.0 = Debug|Any CPU
		{876AC61C-9C00-4C50-9C2B-06583D3C8DA7}.Release|Any CPU.ActiveCfg = Release|Any CPU
		{876AC61C-9C00-4C50-9C2B-06583D3C8DA7}.Release|Any CPU.Build.0 = Release|Any CPU
		{51640059-754E-4613-8120-E0AFE14B6108}.Debug|Any CPU.ActiveCfg = Debug|Any CPU
		{51640059-754E-4613-8120-E0AFE14B6108}.Debug|Any CPU.Build.0 = Debug|Any CPU
		{51640059-754E-4613-8120-E0AFE14B6108}.Release|Any CPU.ActiveCfg = Release|Any CPU
		{51640059-754E-4613-8120-E0AFE14B6108}.Release|Any CPU.Build.0 = Release|Any CPU
		{9963EDEB-89E0-44E0-B422-E84951329231}.Debug|Any CPU.ActiveCfg = Debug|Any CPU
		{9963EDEB-89E0-44E0-B422-E84951329231}.Debug|Any CPU.Build.0 = Debug|Any CPU
		{9963EDEB-89E0-44E0-B422-E84951329231}.Release|Any CPU.ActiveCfg = Release|Any CPU
		{9963EDEB-89E0-44E0-B422-E84951329231}.Release|Any CPU.Build.0 = Release|Any CPU
	EndGlobalSection
	GlobalSection(NestedProjects) = preSolution
		{51640059-754E-4613-8120-E0AFE14B6108} = {4EA2DFBD-D26D-4EED-BAD4-E5835171C52D}
	EndGlobalSection
EndGlobal
